github.com/mehre/go-say-hello v1.0.0 h1:Uh6soaJFgrB5mjwqSQ9TuzEoRd8Wm6BCXr3SgM48Q60=
github.com/mehre/go-say-hello v1.0.0/go.mod h1:F/VsKZ8/nqUeg+ihSdeRVHjMY+hlKPZDNoV6b04+5D8=
github.com/mehre/go-say-hello v1.5.0 h1:eLhcWx/hG8zBsiARZhWvu8cQlKVHu7xESfqRyV+qj0w=
github.com/mehre/go-say-hello v1.5.0/go.mod h1:F/VsKZ8/nqUeg+ihSdeRVHjMY+hlKPZDNoV6b04+5D8=
